{
  "nodes": {
    "nixpkgs": {
      "locked": {
        "lastModified": 1725873446,
        "narHash": "sha256-SF8DM29cjT6c8msrc0dUeM1Ikr5YWGclZpTXpx/HluI=",
        "owner": "nixos",
        "repo": "nixpkgs",
        "rev": "02dad1a5fdc4333ede6f29c7d8be18842456da65",
        "type": "github"
      },
      "original": {
        "owner": "nixos",
        "ref": "master",
        "repo": "nixpkgs",
        "type": "github"
      }
    },
    "root": {
      "inputs": {
        "nixpkgs": "nixpkgs"
      }
    }
  },
  "root": "root",
  "version": 7
}
